appnope==0.1.0
astroid==1.6.5
autopep8==1.4
backports.functools-lru-cache==1.5
backports.shutil-get-terminal-size==1.0.0
behave==1.2.6
configparser==3.5.0
decorator==4.3.0
enum34==1.1.6
future==0.16.0
futures==3.2.0
ipython==5.8.0
ipython-genutils==0.2.0
isort==4.3.4
jedi==0.13.1
lazy-object-proxy==1.3.1
linecache2==1.0.0
mccabe==0.6.1
parse==1.9.0
parse-type==0.4.2
parso==0.3.1
pathlib2==2.3.2
pexpect==4.6.0
pickleshare==0.7.5
pluggy==0.8.0
prompt-toolkit==1.0.15
ptyprocess==0.6.0
pycodestyle==2.4.0
pydocstyle==3.0.0
pyflakes==2.0.0
Pygments==2.2.0
pylama==7.6.5
pylama-pylint==3.1.1
pylint==1.9.3
python-jsonrpc-server==0.0.2
python-language-server==0.21.2
rope==0.11.0
scandir==1.9.0
simplegeneric==0.8.1
singledispatch==3.4.0.3
six==1.11.0
snowballstemmer==1.2.1
traceback2==1.4.0
traitlets==4.3.2
wcwidth==0.1.7
wrapt==1.10.11
yapf==0.24.0
